
Microsoft Visual Studio Solution File, Format Version 12.00
# Visual Studio 2017
Project("{FAE04EC0-301F-11D3-BF4B-00C04F79EFBC}") = "weapon_equip_test", "weapon_equip_test.csproj", "{128908E3-2AC2-F8C3-D34B-E2920A6AA725}"
EndProject
Project("{FAE04EC0-301F-11D3-BF4B-00C04F79EFBC}") = "weapon_equip_test.Editor", "weapon_equip_test.Editor.csproj", "{F328290B-15D9-D57B-43CD-FEAE2F22BA26}"
EndProject
Global
	GlobalSection(SolutionConfigurationPlatforms) = preSolution
		Debug|Any CPU = Debug|Any CPU
		Release|Any CPU = Release|Any CPU
	EndGlobalSection
	GlobalSection(ProjectConfigurationPlatforms) = postSolution
		{128908E3-2AC2-F8C3-D34B-E2920A6AA725}.Debug|Any CPU.ActiveCfg = Debug|Any CPU
		{128908E3-2AC2-F8C3-D34B-E2920A6AA725}.Debug|Any CPU.Build.0 = Debug|Any CPU
		{128908E3-2AC2-F8C3-D34B-E2920A6AA725}.Release|Any CPU.ActiveCfg = Release|Any CPU
		{128908E3-2AC2-F8C3-D34B-E2920A6AA725}.Release|Any CPU.Build.0 = Release|Any CPU
		{F328290B-15D9-D57B-43CD-FEAE2F22BA26}.Debug|Any CPU.ActiveCfg = Debug|Any CPU
		{F328290B-15D9-D57B-43CD-FEAE2F22BA26}.Debug|Any CPU.Build.0 = Debug|Any CPU
		{F328290B-15D9-D57B-43CD-FEAE2F22BA26}.Release|Any CPU.ActiveCfg = Release|Any CPU
		{F328290B-15D9-D57B-43CD-FEAE2F22BA26}.Release|Any CPU.Build.0 = Release|Any CPU
	EndGlobalSection
	GlobalSection(SolutionProperties) = preSolution
		HideSolutionNode = FALSE
	EndGlobalSection
EndGlobal
